
Microsoft Visual Studio Solution File, Format Version 12.00
# Visual Studio 15
VisualStudioVersion = 15.0.28307.489
MinimumVisualStudioVersion = 10.0.40219.1
Project("{FAE04EC0-301F-11D3-BF4B-00C04F79EFBC}") = "HWC", "HWC.csproj", "{D6032A62-8B92-45BB-B295-64A543F1EA89}"
EndProject
Project("{FAE04EC0-301F-11D3-BF4B-00C04F79EFBC}") = "ClassLibrary1", "..\ClassLibrary2\ClassLibrary1.csproj", "{6D92EB40-5F23-4EAC-8917-6E80222A6AC4}"
EndProject
Global
	GlobalSection(SolutionConfigurationPlatforms) = preSolution
		Debug|Any CPU = Debug|Any CPU
		Release|Any CPU = Release|Any CPU
	EndGlobalSection
	GlobalSection(ProjectConfigurationPlatforms) = postSolution
		{D6032A62-8B92-45BB-B295-64A543F1EA89}.Debug|Any CPU.ActiveCfg = Debug|Any CPU
		{D6032A62-8B92-45BB-B295-64A543F1EA89}.Debug|Any CPU.Build.0 = Debug|Any CPU
		{D6032A62-8B92-45BB-B295-64A543F1EA89}.Release|Any CPU.ActiveCfg = Release|Any CPU
		{D6032A62-8B92-45BB-B295-64A543F1EA89}.Release|Any CPU.Build.0 = Release|Any CPU
		{6D92EB40-5F23-4EAC-8917-6E80222A6AC4}.Debug|Any CPU.ActiveCfg = Debug|Any CPU
		{6D92EB40-5F23-4EAC-8917-6E80222A6AC4}.Debug|Any CPU.Build.0 = Debug|Any CPU
		{6D92EB40-5F23-4EAC-8917-6E80222A6AC4}.Release|Any CPU.ActiveCfg = Release|Any CPU
		{6D92EB40-5F23-4EAC-8917-6E80222A6AC4}.Release|Any CPU.Build.0 = Release|Any CPU
	EndGlobalSection
	GlobalSection(SolutionProperties) = preSolution
		HideSolutionNode = FALSE
	EndGlobalSection
	GlobalSection(ExtensibilityGlobals) = postSolution
		SolutionGuid = {5246F963-60FA-4C7E-9B46-4F3991E6273C}
	EndGlobalSection
EndGlobal
