
Microsoft Visual Studio Solution File, Format Version 12.00
# Visual Studio 15
VisualStudioVersion = 15.0.28307.489
MinimumVisualStudioVersion = 10.0.40219.1
Project("{FAE04EC0-301F-11D3-BF4B-00C04F79EFBC}") = "HW2", "HW2.csproj", "{783530F5-4AC3-4B4F-A959-4C68F1BE655D}"
EndProject
Project("{FAE04EC0-301F-11D3-BF4B-00C04F79EFBC}") = "ClassLibrary1", "..\ClassLibrary2\ClassLibrary1.csproj", "{6D92EB40-5F23-4EAC-8917-6E80222A6AC4}"
EndProject
Global
	GlobalSection(SolutionConfigurationPlatforms) = preSolution
		Debug|Any CPU = Debug|Any CPU
		Release|Any CPU = Release|Any CPU
	EndGlobalSection
	GlobalSection(ProjectConfigurationPlatforms) = postSolution
		{783530F5-4AC3-4B4F-A959-4C68F1BE655D}.Debug|Any CPU.ActiveCfg = Debug|Any CPU
		{783530F5-4AC3-4B4F-A959-4C68F1BE655D}.Debug|Any CPU.Build.0 = Debug|Any CPU
		{783530F5-4AC3-4B4F-A959-4C68F1BE655D}.Release|Any CPU.ActiveCfg = Release|Any CPU
		{783530F5-4AC3-4B4F-A959-4C68F1BE655D}.Release|Any CPU.Build.0 = Release|Any CPU
		{6D92EB40-5F23-4EAC-8917-6E80222A6AC4}.Debug|Any CPU.ActiveCfg = Debug|Any CPU
		{6D92EB40-5F23-4EAC-8917-6E80222A6AC4}.Debug|Any CPU.Build.0 = Debug|Any CPU
		{6D92EB40-5F23-4EAC-8917-6E80222A6AC4}.Release|Any CPU.ActiveCfg = Release|Any CPU
		{6D92EB40-5F23-4EAC-8917-6E80222A6AC4}.Release|Any CPU.Build.0 = Release|Any CPU
	EndGlobalSection
	GlobalSection(SolutionProperties) = preSolution
		HideSolutionNode = FALSE
	EndGlobalSection
	GlobalSection(ExtensibilityGlobals) = postSolution
		SolutionGuid = {BE05312A-96AC-42A1-8997-2CB0011857AF}
	EndGlobalSection
EndGlobal
